PODS:
  - CocoaLumberjack (3.4.2):
    - CocoaLumberjack/Default (= 3.4.2)
    - CocoaLumberjack/Extensions (= 3.4.2)
  - CocoaLumberjack/Default (3.4.2)
  - CocoaLumberjack/Extensions (3.4.2):
    - CocoaLumberjack/Default
  - LogglyLogger-CocoaLumberjack (3.0.0):
    - CocoaLumberjack (~> 3.0)
    - LogglyLogger-CocoaLumberjack/Formatter (= 3.0.0)
    - LogglyLogger-CocoaLumberjack/Logger (= 3.0.0)
  - LogglyLogger-CocoaLumberjack/Formatter (3.0.0):
    - CocoaLumberjack (~> 3.0)
  - LogglyLogger-CocoaLumberjack/Logger (3.0.0):
    - CocoaLumberjack (~> 3.0)
  - PayPalRetailSDK (2.0.1201811):
    - PayPalRetailSDK/Default (= 2.0.1201811)
  - PayPalRetailSDK/Default (2.0.1201811):
    - LogglyLogger-CocoaLumberjack (~> 3.0)
    - PPRetailInstrumentInterface
    - SimpleKeychain (~> 0.6.1)
  - PPRetailInstrumentInterface (1.1.6)
  - SimpleKeychain (0.6.1)

DEPENDENCIES:
  - PayPalRetailSDK (from `/Users/mihpatil/Documents/retail-sdk/platform/objc/`)

SPEC REPOS:
  https://github.com/cocoapods/specs.git:
    - CocoaLumberjack
    - LogglyLogger-CocoaLumberjack
    - PPRetailInstrumentInterface
    - SimpleKeychain

EXTERNAL SOURCES:
  PayPalRetailSDK:
    :path: "/Users/mihpatil/Documents/retail-sdk/platform/objc/"

SPEC CHECKSUMS:
  CocoaLumberjack: db7cc9e464771f12054c22ff6947c5a58d43a0fd
  LogglyLogger-CocoaLumberjack: 16afad0a63fb70179fda1db85e03aeb3ded7fb02
  PayPalRetailSDK: 38894b9598791c6f037f7e91dbb588cb2e5efc81
  PPRetailInstrumentInterface: e30196bb1939d61c50698787878728063513315a
  SimpleKeychain: 150d76f3b9200de58f033228f6e976c6241a221c

PODFILE CHECKSUM: a21cbad7c910c59172d5def48260391284a06243

COCOAPODS: 1.5.3
