PODS:
  - PayPalHereSDKv2 (2.0.0.201805):
    - PayPalHereSDKv2/Debug (= 2.0.0.201805)
    - SimpleKeychain (~> 0.6.1)
  - PayPalHereSDKv2/Debug (2.0.0.201805):
    - SimpleKeychain (~> 0.6.1)
  - SimpleKeychain (0.6.1)

DEPENDENCIES:
  - PayPalHereSDKv2

SPEC CHECKSUMS:
  PayPalHereSDKv2: 1e7c053ce96cb077d4567cc171f7b6442d6bf341
  SimpleKeychain: 150d76f3b9200de58f033228f6e976c6241a221c

PODFILE CHECKSUM: 80b1b746d410443a93cdf0c0fb5f211e032de26e

COCOAPODS: 1.1.1
