PODS:
  - PayPalHereSDK (1.6.8):
    - PayPalHereSDK/Debug (= 1.6.8)
  - PayPalHereSDK/Debug (1.6.8)

DEPENDENCIES:
  - PayPalHereSDK (from `../`)

EXTERNAL SOURCES:
  PayPalHereSDK:
    :path: ../

SPEC CHECKSUMS:
  PayPalHereSDK: 138d0bb7bab7a740272ffef6336cd1ed06fd9b20

PODFILE CHECKSUM: 8c135acd3ae1e5ea1af10b6c4cc8b3c8684aaf7b

COCOAPODS: 1.0.1
