// !$*UTF8*$!
{
	archiveVersion = 1;
	classes = {
	};
	objectVersion = 46;
	objects = {

/* Begin PBXBuildFile section */
		A75F3FF1264C8C2F9D2BD9BB /* Pods_PPHSDKSampleApp.framework in Frameworks */ = {isa = PBXBuildFile; fileRef = 88A9A02160A87FE2588D04F7 /* Pods_PPHSDKSampleApp.framework */; };
		C698DE351FE9857100D005AE /* PaymentCompletedViewController.swift in Sources */ = {isa = PBXBuildFile; fileRef = C698DE341FE9857100D005AE /* PaymentCompletedViewController.swift */; };
		C6A15D2F1FDB3E3700D1170A /* DeviceDiscoveryViewController.swift in Sources */ = {isa = PBXBuildFile; fileRef = C6A15D2E1FDB3E3700D1170A /* DeviceDiscoveryViewController.swift */; };
		C6C794001DDD01E800F8DC8E /* AppDelegate.swift in Sources */ = {isa = PBXBuildFile; fileRef = C6C793FF1DDD01E800F8DC8E /* AppDelegate.swift */; };
		C6C794021DDD01E800F8DC8E /* InitializeViewController.swift in Sources */ = {isa = PBXBuildFile; fileRef = C6C794011DDD01E800F8DC8E /* InitializeViewController.swift */; };
		C6C794041DDD01E800F8DC8E /* PaymentViewController.swift in Sources */ = {isa = PBXBuildFile; fileRef = C6C794031DDD01E800F8DC8E /* PaymentViewController.swift */; };
		C6C794071DDD01E800F8DC8E /* Main.storyboard in Resources */ = {isa = PBXBuildFile; fileRef = C6C794051DDD01E800F8DC8E /* Main.storyboard */; };
		C6C794091DDD01E800F8DC8E /* Assets.xcassets in Resources */ = {isa = PBXBuildFile; fileRef = C6C794081DDD01E800F8DC8E /* Assets.xcassets */; };
		C6C7940C1DDD01E800F8DC8E /* LaunchScreen.storyboard in Resources */ = {isa = PBXBuildFile; fileRef = C6C7940A1DDD01E800F8DC8E /* LaunchScreen.storyboard */; };
		C6EF40041E7706B600109502 /* WelcomeViewController.swift in Sources */ = {isa = PBXBuildFile; fileRef = C6EF40031E7706B600109502 /* WelcomeViewController.swift */; };
		C6EF40141E77173800109502 /* References in Resources */ = {isa = PBXBuildFile; fileRef = C6EF40131E77173800109502 /* References */; };
		C6EF401A1E783EEE00109502 /* RoundLabel.swift in Sources */ = {isa = PBXBuildFile; fileRef = C6EF40191E783EEE00109502 /* RoundLabel.swift */; };
/* End PBXBuildFile section */

/* Begin PBXFileReference section */
		88A9A02160A87FE2588D04F7 /* Pods_PPHSDKSampleApp.framework */ = {isa = PBXFileReference; explicitFileType = wrapper.framework; includeInIndex = 0; path = Pods_PPHSDKSampleApp.framework; sourceTree = BUILT_PRODUCTS_DIR; };
		9D0C8F097C02E189F9434357 /* Pods-PPHSDKSampleApp.release.xcconfig */ = {isa = PBXFileReference; includeInIndex = 1; lastKnownFileType = text.xcconfig; name = "Pods-PPHSDKSampleApp.release.xcconfig"; path = "Pods/Target Support Files/Pods-PPHSDKSampleApp/Pods-PPHSDKSampleApp.release.xcconfig"; sourceTree = "<group>"; };
		AAB3EA95BFDD69D2C1A34255 /* Pods-PPHSDKSampleApp.debug.xcconfig */ = {isa = PBXFileReference; includeInIndex = 1; lastKnownFileType = text.xcconfig; name = "Pods-PPHSDKSampleApp.debug.xcconfig"; path = "Pods/Target Support Files/Pods-PPHSDKSampleApp/Pods-PPHSDKSampleApp.debug.xcconfig"; sourceTree = "<group>"; };
		C698DE341FE9857100D005AE /* PaymentCompletedViewController.swift */ = {isa = PBXFileReference; lastKnownFileType = sourcecode.swift; path = PaymentCompletedViewController.swift; sourceTree = "<group>"; };
		C6A15D2E1FDB3E3700D1170A /* DeviceDiscoveryViewController.swift */ = {isa = PBXFileReference; lastKnownFileType = sourcecode.swift; path = DeviceDiscoveryViewController.swift; sourceTree = "<group>"; };
		C6C793FC1DDD01E800F8DC8E /* PPHSDKSampleApp.app */ = {isa = PBXFileReference; explicitFileType = wrapper.application; includeInIndex = 0; path = PPHSDKSampleApp.app; sourceTree = BUILT_PRODUCTS_DIR; };
		C6C793FF1DDD01E800F8DC8E /* AppDelegate.swift */ = {isa = PBXFileReference; lastKnownFileType = sourcecode.swift; path = AppDelegate.swift; sourceTree = "<group>"; };
		C6C794011DDD01E800F8DC8E /* InitializeViewController.swift */ = {isa = PBXFileReference; lastKnownFileType = sourcecode.swift; path = InitializeViewController.swift; sourceTree = "<group>"; };
		C6C794031DDD01E800F8DC8E /* PaymentViewController.swift */ = {isa = PBXFileReference; lastKnownFileType = sourcecode.swift; path = PaymentViewController.swift; sourceTree = "<group>"; };
		C6C794061DDD01E800F8DC8E /* Base */ = {isa = PBXFileReference; lastKnownFileType = file.storyboard; name = Base; path = Base.lproj/Main.storyboard; sourceTree = "<group>"; };
		C6C794081DDD01E800F8DC8E /* Assets.xcassets */ = {isa = PBXFileReference; lastKnownFileType = folder.assetcatalog; path = Assets.xcassets; sourceTree = "<group>"; };
		C6C7940B1DDD01E800F8DC8E /* Base */ = {isa = PBXFileReference; lastKnownFileType = file.storyboard; name = Base; path = Base.lproj/LaunchScreen.storyboard; sourceTree = "<group>"; };
		C6C7940D1DDD01E800F8DC8E /* Info.plist */ = {isa = PBXFileReference; lastKnownFileType = text.plist.xml; path = Info.plist; sourceTree = "<group>"; };
		C6ED26B71E64D29200BE902D /* CoreBluetooth.framework */ = {isa = PBXFileReference; lastKnownFileType = wrapper.framework; name = CoreBluetooth.framework; path = System/Library/Frameworks/CoreBluetooth.framework; sourceTree = SDKROOT; };
		C6EF40031E7706B600109502 /* WelcomeViewController.swift */ = {isa = PBXFileReference; fileEncoding = 4; lastKnownFileType = sourcecode.swift; path = WelcomeViewController.swift; sourceTree = "<group>"; };
		C6EF40131E77173800109502 /* References */ = {isa = PBXFileReference; lastKnownFileType = folder; path = References; sourceTree = "<group>"; };
		C6EF40191E783EEE00109502 /* RoundLabel.swift */ = {isa = PBXFileReference; fileEncoding = 4; lastKnownFileType = sourcecode.swift; path = RoundLabel.swift; sourceTree = "<group>"; };
/* End PBXFileReference section */

/* Begin PBXFrameworksBuildPhase section */
		C6C793F91DDD01E800F8DC8E /* Frameworks */ = {
			isa = PBXFrameworksBuildPhase;
			buildActionMask = 2147483647;
			files = (
				A75F3FF1264C8C2F9D2BD9BB /* Pods_PPHSDKSampleApp.framework in Frameworks */,
			);
			runOnlyForDeploymentPostprocessing = 0;
		};
/* End PBXFrameworksBuildPhase section */

/* Begin PBXGroup section */
		2359FFE7D6776F5A76927401 /* Frameworks */ = {
			isa = PBXGroup;
			children = (
				C6ED26B71E64D29200BE902D /* CoreBluetooth.framework */,
				88A9A02160A87FE2588D04F7 /* Pods_PPHSDKSampleApp.framework */,
			);
			name = Frameworks;
			sourceTree = "<group>";
		};
		3525D846F27273EE9B2A9269 /* Pods */ = {
			isa = PBXGroup;
			children = (
				AAB3EA95BFDD69D2C1A34255 /* Pods-PPHSDKSampleApp.debug.xcconfig */,
				9D0C8F097C02E189F9434357 /* Pods-PPHSDKSampleApp.release.xcconfig */,
			);
			name = Pods;
			sourceTree = "<group>";
		};
		C6C793F31DDD01E800F8DC8E = {
			isa = PBXGroup;
			children = (
				C6C793FE1DDD01E800F8DC8E /* PPHSDKSampleApp */,
				C6C793FD1DDD01E800F8DC8E /* Products */,
				C6EF40131E77173800109502 /* References */,
				2359FFE7D6776F5A76927401 /* Frameworks */,
				3525D846F27273EE9B2A9269 /* Pods */,
			);
			sourceTree = "<group>";
		};
		C6C793FD1DDD01E800F8DC8E /* Products */ = {
			isa = PBXGroup;
			children = (
				C6C793FC1DDD01E800F8DC8E /* PPHSDKSampleApp.app */,
			);
			name = Products;
			sourceTree = "<group>";
		};
		C6C793FE1DDD01E800F8DC8E /* PPHSDKSampleApp */ = {
			isa = PBXGroup;
			children = (
				C6C793FF1DDD01E800F8DC8E /* AppDelegate.swift */,
				C6EF40031E7706B600109502 /* WelcomeViewController.swift */,
				C6C794011DDD01E800F8DC8E /* InitializeViewController.swift */,
				C6A15D2E1FDB3E3700D1170A /* DeviceDiscoveryViewController.swift */,
				C6C794031DDD01E800F8DC8E /* PaymentViewController.swift */,
				C698DE341FE9857100D005AE /* PaymentCompletedViewController.swift */,
				C6C794051DDD01E800F8DC8E /* Main.storyboard */,
				C6C794081DDD01E800F8DC8E /* Assets.xcassets */,
				C6C7940A1DDD01E800F8DC8E /* LaunchScreen.storyboard */,
				C6C7940D1DDD01E800F8DC8E /* Info.plist */,
				C6EF40191E783EEE00109502 /* RoundLabel.swift */,
			);
			path = PPHSDKSampleApp;
			sourceTree = "<group>";
		};
/* End PBXGroup section */

/* Begin PBXNativeTarget section */
		C6C793FB1DDD01E800F8DC8E /* PPHSDKSampleApp */ = {
			isa = PBXNativeTarget;
			buildConfigurationList = C6C794101DDD01E800F8DC8E /* Build configuration list for PBXNativeTarget "PPHSDKSampleApp" */;
			buildPhases = (
				67F235971BF72BCA6BF4A346 /* [CP] Check Pods Manifest.lock */,
				C6C793F81DDD01E800F8DC8E /* Sources */,
				C6C793F91DDD01E800F8DC8E /* Frameworks */,
				C6C793FA1DDD01E800F8DC8E /* Resources */,
				C93C43146FAC1FF1B862F41A /* [CP] Embed Pods Frameworks */,
				6B2CAB4D2CD58619BBEE1508 /* [CP] Copy Pods Resources */,
			);
			buildRules = (
			);
			dependencies = (
			);
			name = PPHSDKSampleApp;
			productName = PPHSDKSampleApp;
			productReference = C6C793FC1DDD01E800F8DC8E /* PPHSDKSampleApp.app */;
			productType = "com.apple.product-type.application";
		};
/* End PBXNativeTarget section */

/* Begin PBXProject section */
		C6C793F41DDD01E800F8DC8E /* Project object */ = {
			isa = PBXProject;
			attributes = {
				LastSwiftUpdateCheck = 0800;
				LastUpgradeCheck = 0820;
				ORGANIZATIONNAME = cowright;
				TargetAttributes = {
					C6C793FB1DDD01E800F8DC8E = {
						CreatedOnToolsVersion = 8.0;
						DevelopmentTeam = FBH8QE7YE9;
						ProvisioningStyle = Automatic;
					};
				};
			};
			buildConfigurationList = C6C793F71DDD01E800F8DC8E /* Build configuration list for PBXProject "PPHSDKSampleApp" */;
			compatibilityVersion = "Xcode 3.2";
			developmentRegion = English;
			hasScannedForEncodings = 0;
			knownRegions = (
				en,
				Base,
			);
			mainGroup = C6C793F31DDD01E800F8DC8E;
			productRefGroup = C6C793FD1DDD01E800F8DC8E /* Products */;
			projectDirPath = "";
			projectRoot = "";
			targets = (
				C6C793FB1DDD01E800F8DC8E /* PPHSDKSampleApp */,
			);
		};
/* End PBXProject section */

/* Begin PBXResourcesBuildPhase section */
		C6C793FA1DDD01E800F8DC8E /* Resources */ = {
			isa = PBXResourcesBuildPhase;
			buildActionMask = 2147483647;
			files = (
				C6EF40141E77173800109502 /* References in Resources */,
				C6C7940C1DDD01E800F8DC8E /* LaunchScreen.storyboard in Resources */,
				C6C794091DDD01E800F8DC8E /* Assets.xcassets in Resources */,
				C6C794071DDD01E800F8DC8E /* Main.storyboard in Resources */,
			);
			runOnlyForDeploymentPostprocessing = 0;
		};
/* End PBXResourcesBuildPhase section */

/* Begin PBXShellScriptBuildPhase section */
		67F235971BF72BCA6BF4A346 /* [CP] Check Pods Manifest.lock */ = {
			isa = PBXShellScriptBuildPhase;
			buildActionMask = 2147483647;
			files = (
			);
			inputPaths = (
			);
			name = "[CP] Check Pods Manifest.lock";
			outputPaths = (
			);
			runOnlyForDeploymentPostprocessing = 0;
			shellPath = /bin/sh;
			shellScript = "diff \"${PODS_ROOT}/../Podfile.lock\" \"${PODS_ROOT}/Manifest.lock\" > /dev/null\nif [ $? != 0 ] ; then\n    # print error to STDERR\n    echo \"error: The sandbox is not in sync with the Podfile.lock. Run 'pod install' or update your CocoaPods installation.\" >&2\n    exit 1\nfi\n";
			showEnvVarsInLog = 0;
		};
		6B2CAB4D2CD58619BBEE1508 /* [CP] Copy Pods Resources */ = {
			isa = PBXShellScriptBuildPhase;
			buildActionMask = 2147483647;
			files = (
			);
			inputPaths = (
			);
			name = "[CP] Copy Pods Resources";
			outputPaths = (
			);
			runOnlyForDeploymentPostprocessing = 0;
			shellPath = /bin/sh;
			shellScript = "\"${SRCROOT}/Pods/Target Support Files/Pods-PPHSDKSampleApp/Pods-PPHSDKSampleApp-resources.sh\"\n";
			showEnvVarsInLog = 0;
		};
		C93C43146FAC1FF1B862F41A /* [CP] Embed Pods Frameworks */ = {
			isa = PBXShellScriptBuildPhase;
			buildActionMask = 2147483647;
			files = (
			);
			inputPaths = (
			);
			name = "[CP] Embed Pods Frameworks";
			outputPaths = (
			);
			runOnlyForDeploymentPostprocessing = 0;
			shellPath = /bin/sh;
			shellScript = "\"${SRCROOT}/Pods/Target Support Files/Pods-PPHSDKSampleApp/Pods-PPHSDKSampleApp-frameworks.sh\"\n";
			showEnvVarsInLog = 0;
		};
/* End PBXShellScriptBuildPhase section */

/* Begin PBXSourcesBuildPhase section */
		C6C793F81DDD01E800F8DC8E /* Sources */ = {
			isa = PBXSourcesBuildPhase;
			buildActionMask = 2147483647;
			files = (
				C6C794041DDD01E800F8DC8E /* PaymentViewController.swift in Sources */,
				C6EF40041E7706B600109502 /* WelcomeViewController.swift in Sources */,
				C6C794001DDD01E800F8DC8E /* AppDelegate.swift in Sources */,
				C6EF401A1E783EEE00109502 /* RoundLabel.swift in Sources */,
				C6C794021DDD01E800F8DC8E /* InitializeViewController.swift in Sources */,
				C698DE351FE9857100D005AE /* PaymentCompletedViewController.swift in Sources */,
				C6A15D2F1FDB3E3700D1170A /* DeviceDiscoveryViewController.swift in Sources */,
			);
			runOnlyForDeploymentPostprocessing = 0;
		};
/* End PBXSourcesBuildPhase section */

/* Begin PBXVariantGroup section */
		C6C794051DDD01E800F8DC8E /* Main.storyboard */ = {
			isa = PBXVariantGroup;
			children = (
				C6C794061DDD01E800F8DC8E /* Base */,
			);
			name = Main.storyboard;
			sourceTree = "<group>";
		};
		C6C7940A1DDD01E800F8DC8E /* LaunchScreen.storyboard */ = {
			isa = PBXVariantGroup;
			children = (
				C6C7940B1DDD01E800F8DC8E /* Base */,
			);
			name = LaunchScreen.storyboard;
			sourceTree = "<group>";
		};
/* End PBXVariantGroup section */

/* Begin XCBuildConfiguration section */
		C6C7940E1DDD01E800F8DC8E /* Debug */ = {
			isa = XCBuildConfiguration;
			buildSettings = {
				ALWAYS_SEARCH_USER_PATHS = NO;
				CLANG_ANALYZER_NONNULL = YES;
				CLANG_CXX_LANGUAGE_STANDARD = "gnu++0x";
				CLANG_CXX_LIBRARY = "libc++";
				CLANG_ENABLE_MODULES = YES;
				CLANG_ENABLE_OBJC_ARC = YES;
				CLANG_WARN_BOOL_CONVERSION = YES;
				CLANG_WARN_CONSTANT_CONVERSION = YES;
				CLANG_WARN_DIRECT_OBJC_ISA_USAGE = YES_ERROR;
				CLANG_WARN_DOCUMENTATION_COMMENTS = YES;
				CLANG_WARN_EMPTY_BODY = YES;
				CLANG_WARN_ENUM_CONVERSION = YES;
				CLANG_WARN_INFINITE_RECURSION = YES;
				CLANG_WARN_INT_CONVERSION = YES;
				CLANG_WARN_OBJC_ROOT_CLASS = YES_ERROR;
				CLANG_WARN_SUSPICIOUS_MOVE = YES;
				CLANG_WARN_SUSPICIOUS_MOVES = YES;
				CLANG_WARN_UNREACHABLE_CODE = YES;
				CLANG_WARN__DUPLICATE_METHOD_MATCH = YES;
				"CODE_SIGN_IDENTITY[sdk=iphoneos*]" = "iPhone Developer";
				COPY_PHASE_STRIP = NO;
				DEBUG_INFORMATION_FORMAT = dwarf;
				ENABLE_BITCODE = NO;
				ENABLE_STRICT_OBJC_MSGSEND = YES;
				ENABLE_TESTABILITY = YES;
				EXECUTABLE_PREFIX = "";
				FRAMEWORK_SEARCH_PATHS = "$(inherited)";
				GCC_C_LANGUAGE_STANDARD = gnu99;
				GCC_DYNAMIC_NO_PIC = NO;
				GCC_NO_COMMON_BLOCKS = YES;
				GCC_OPTIMIZATION_LEVEL = 0;
				GCC_PREPROCESSOR_DEFINITIONS = (
					"DEBUG=1",
					"$(inherited)",
				);
				GCC_WARN_64_TO_32_BIT_CONVERSION = YES;
				GCC_WARN_ABOUT_RETURN_TYPE = YES_ERROR;
				GCC_WARN_UNDECLARED_SELECTOR = YES;
				GCC_WARN_UNINITIALIZED_AUTOS = YES_AGGRESSIVE;
				GCC_WARN_UNUSED_FUNCTION = YES;
				GCC_WARN_UNUSED_VARIABLE = YES;
				HEADER_SEARCH_PATHS = "$(inherited)";
				IPHONEOS_DEPLOYMENT_TARGET = 9.0;
				MTL_ENABLE_DEBUG_INFO = YES;
				ONLY_ACTIVE_ARCH = YES;
				SDKROOT = iphoneos;
				SWIFT_ACTIVE_COMPILATION_CONDITIONS = DEBUG;
				SWIFT_OBJC_BRIDGING_HEADER = "";
				SWIFT_OPTIMIZATION_LEVEL = "-Onone";
				SWIFT_PRECOMPILE_BRIDGING_HEADER = YES;
				TARGETED_DEVICE_FAMILY = "1,2";
				USER_HEADER_SEARCH_PATHS = "";
			};
			name = Debug;
		};
		C6C7940F1DDD01E800F8DC8E /* Release */ = {
			isa = XCBuildConfiguration;
			buildSettings = {
				ALWAYS_SEARCH_USER_PATHS = NO;
				CLANG_ANALYZER_NONNULL = YES;
				CLANG_CXX_LANGUAGE_STANDARD = "gnu++0x";
				CLANG_CXX_LIBRARY = "libc++";
				CLANG_ENABLE_MODULES = YES;
				CLANG_ENABLE_OBJC_ARC = YES;
				CLANG_WARN_BOOL_CONVERSION = YES;
				CLANG_WARN_CONSTANT_CONVERSION = YES;
				CLANG_WARN_DIRECT_OBJC_ISA_USAGE = YES_ERROR;
				CLANG_WARN_DOCUMENTATION_COMMENTS = YES;
				CLANG_WARN_EMPTY_BODY = YES;
				CLANG_WARN_ENUM_CONVERSION = YES;
				CLANG_WARN_INFINITE_RECURSION = YES;
				CLANG_WARN_INT_CONVERSION = YES;
				CLANG_WARN_OBJC_ROOT_CLASS = YES_ERROR;
				CLANG_WARN_SUSPICIOUS_MOVE = YES;
				CLANG_WARN_SUSPICIOUS_MOVES = YES;
				CLANG_WARN_UNREACHABLE_CODE = YES;
				CLANG_WARN__DUPLICATE_METHOD_MATCH = YES;
				"CODE_SIGN_IDENTITY[sdk=iphoneos*]" = "iPhone Developer";
				COPY_PHASE_STRIP = NO;
				DEBUG_INFORMATION_FORMAT = "dwarf-with-dsym";
				ENABLE_BITCODE = NO;
				ENABLE_NS_ASSERTIONS = NO;
				ENABLE_STRICT_OBJC_MSGSEND = YES;
				EXECUTABLE_PREFIX = "";
				FRAMEWORK_SEARCH_PATHS = "$(inherited)";
				GCC_C_LANGUAGE_STANDARD = gnu99;
				GCC_NO_COMMON_BLOCKS = YES;
				GCC_WARN_64_TO_32_BIT_CONVERSION = YES;
				GCC_WARN_ABOUT_RETURN_TYPE = YES_ERROR;
				GCC_WARN_UNDECLARED_SELECTOR = YES;
				GCC_WARN_UNINITIALIZED_AUTOS = YES_AGGRESSIVE;
				GCC_WARN_UNUSED_FUNCTION = YES;
				GCC_WARN_UNUSED_VARIABLE = YES;
				HEADER_SEARCH_PATHS = "$(inherited)";
				IPHONEOS_DEPLOYMENT_TARGET = 9.0;
				MTL_ENABLE_DEBUG_INFO = NO;
				SDKROOT = iphoneos;
				SWIFT_OBJC_BRIDGING_HEADER = "";
				SWIFT_OPTIMIZATION_LEVEL = "-Owholemodule";
				SWIFT_PRECOMPILE_BRIDGING_HEADER = YES;
				TARGETED_DEVICE_FAMILY = "1,2";
				USER_HEADER_SEARCH_PATHS = "";
				VALIDATE_PRODUCT = YES;
			};
			name = Release;
		};
		C6C794111DDD01E800F8DC8E /* Debug */ = {
			isa = XCBuildConfiguration;
			baseConfigurationReference = AAB3EA95BFDD69D2C1A34255 /* Pods-PPHSDKSampleApp.debug.xcconfig */;
			buildSettings = {
				ASSETCATALOG_COMPILER_APPICON_NAME = AppIcon;
				DEVELOPMENT_TEAM = FBH8QE7YE9;
				INFOPLIST_FILE = PPHSDKSampleApp/Info.plist;
				LD_RUNPATH_SEARCH_PATHS = "$(inherited) @executable_path/Frameworks";
				OTHER_LDFLAGS = (
					"$(inherited)",
					"-ObjC",
					"-weak_library",
					"/usr/lib/libstdc++.dylib",
					"-l\"stdc++\"",
					"-framework",
					"\"PayPalRetailSDK\"",
					"-framework",
					"\"SimpleKeychain\"",
					"-lc++",
				);
				PRIVATE_HEADERS_FOLDER_PATH = "$(CONTENTS_FOLDER_PATH)/PrivateHeaders";
				PRODUCT_BUNDLE_IDENTIFIER = com.cowright.PPHSDKSampleApp;
				PRODUCT_NAME = "$(TARGET_NAME)";
				SWIFT_PRECOMPILE_BRIDGING_HEADER = YES;
				SWIFT_VERSION = 3.0;
				USER_HEADER_SEARCH_PATHS = "Pods/**";
			};
			name = Debug;
		};
		C6C794121DDD01E800F8DC8E /* Release */ = {
			isa = XCBuildConfiguration;
			baseConfigurationReference = 9D0C8F097C02E189F9434357 /* Pods-PPHSDKSampleApp.release.xcconfig */;
			buildSettings = {
				ASSETCATALOG_COMPILER_APPICON_NAME = AppIcon;
				DEVELOPMENT_TEAM = FBH8QE7YE9;
				INFOPLIST_FILE = PPHSDKSampleApp/Info.plist;
				LD_RUNPATH_SEARCH_PATHS = "$(inherited) @executable_path/Frameworks";
				OTHER_LDFLAGS = (
					"$(inherited)",
					"-ObjC",
					"-weak_library",
					"/usr/lib/libstdc++.dylib",
					"-l\"stdc++\"",
					"-framework",
					"\"PayPalRetailSDK\"",
					"-framework",
					"\"SimpleKeychain\"",
					"-lc++",
				);
				PRODUCT_BUNDLE_IDENTIFIER = com.cowright.PPHSDKSampleApp;
				PRODUCT_NAME = "$(TARGET_NAME)";
				SWIFT_PRECOMPILE_BRIDGING_HEADER = YES;
				SWIFT_VERSION = 3.0;
				USER_HEADER_SEARCH_PATHS = "Pods/**";
			};
			name = Release;
		};
/* End XCBuildConfiguration section */

/* Begin XCConfigurationList section */
		C6C793F71DDD01E800F8DC8E /* Build configuration list for PBXProject "PPHSDKSampleApp" */ = {
			isa = XCConfigurationList;
			buildConfigurations = (
				C6C7940E1DDD01E800F8DC8E /* Debug */,
				C6C7940F1DDD01E800F8DC8E /* Release */,
			);
			defaultConfigurationIsVisible = 0;
			defaultConfigurationName = Release;
		};
		C6C794101DDD01E800F8DC8E /* Build configuration list for PBXNativeTarget "PPHSDKSampleApp" */ = {
			isa = XCConfigurationList;
			buildConfigurations = (
				C6C794111DDD01E800F8DC8E /* Debug */,
				C6C794121DDD01E800F8DC8E /* Release */,
			);
			defaultConfigurationIsVisible = 0;
			defaultConfigurationName = Release;
		};
/* End XCConfigurationList section */
	};
	rootObject = C6C793F41DDD01E800F8DC8E /* Project object */;
}
