
Microsoft Visual Studio Solution File, Format Version 12.00
# Visual Studio 2012
Project("{FAE04EC0-301F-11D3-BF4B-00C04F79EFBC}") = "RetailSDK-iOS-Debug", "RetailSDK-iOS-Debug\RetailSDK-iOS-Debug.csproj", "{7806B376-24C5-4CD8-ADF7-EAB2A16FC636}"
EndProject
Project("{FAE04EC0-301F-11D3-BF4B-00C04F79EFBC}") = "RetailSDK-iOS-Debug-Tests", "RetailSDK-iOS-Debug-Tests\RetailSDK-iOS-Debug-Tests.csproj", "{D2D7747E-3E83-4676-A5D3-C1D4A586ED8C}"
EndProject
Global
	GlobalSection(SolutionConfigurationPlatforms) = preSolution
		Debug|Any CPU = Debug|Any CPU
		Release|Any CPU = Release|Any CPU
		Debug|iPhoneSimulator = Debug|iPhoneSimulator
		Release|iPhone = Release|iPhone
		Release|iPhoneSimulator = Release|iPhoneSimulator
		Debug|iPhone = Debug|iPhone
	EndGlobalSection
	GlobalSection(ProjectConfigurationPlatforms) = postSolution
		{7806B376-24C5-4CD8-ADF7-EAB2A16FC636}.Debug|Any CPU.ActiveCfg = Debug|Any CPU
		{7806B376-24C5-4CD8-ADF7-EAB2A16FC636}.Debug|Any CPU.Build.0 = Debug|Any CPU
		{7806B376-24C5-4CD8-ADF7-EAB2A16FC636}.Debug|iPhone.ActiveCfg = Debug|Any CPU
		{7806B376-24C5-4CD8-ADF7-EAB2A16FC636}.Debug|iPhone.Build.0 = Debug|Any CPU
		{7806B376-24C5-4CD8-ADF7-EAB2A16FC636}.Debug|iPhoneSimulator.ActiveCfg = Debug|Any CPU
		{7806B376-24C5-4CD8-ADF7-EAB2A16FC636}.Debug|iPhoneSimulator.Build.0 = Debug|Any CPU
		{7806B376-24C5-4CD8-ADF7-EAB2A16FC636}.Release|Any CPU.ActiveCfg = Release|Any CPU
		{7806B376-24C5-4CD8-ADF7-EAB2A16FC636}.Release|Any CPU.Build.0 = Release|Any CPU
		{7806B376-24C5-4CD8-ADF7-EAB2A16FC636}.Release|iPhone.ActiveCfg = Release|Any CPU
		{7806B376-24C5-4CD8-ADF7-EAB2A16FC636}.Release|iPhone.Build.0 = Release|Any CPU
		{7806B376-24C5-4CD8-ADF7-EAB2A16FC636}.Release|iPhoneSimulator.ActiveCfg = Release|Any CPU
		{7806B376-24C5-4CD8-ADF7-EAB2A16FC636}.Release|iPhoneSimulator.Build.0 = Release|Any CPU
		{D2D7747E-3E83-4676-A5D3-C1D4A586ED8C}.Debug|Any CPU.ActiveCfg = Debug|iPhoneSimulator
		{D2D7747E-3E83-4676-A5D3-C1D4A586ED8C}.Debug|Any CPU.Build.0 = Debug|iPhoneSimulator
		{D2D7747E-3E83-4676-A5D3-C1D4A586ED8C}.Debug|iPhone.ActiveCfg = Debug|iPhone
		{D2D7747E-3E83-4676-A5D3-C1D4A586ED8C}.Debug|iPhone.Build.0 = Debug|iPhone
		{D2D7747E-3E83-4676-A5D3-C1D4A586ED8C}.Debug|iPhoneSimulator.ActiveCfg = Debug|iPhoneSimulator
		{D2D7747E-3E83-4676-A5D3-C1D4A586ED8C}.Debug|iPhoneSimulator.Build.0 = Debug|iPhoneSimulator
		{D2D7747E-3E83-4676-A5D3-C1D4A586ED8C}.Release|Any CPU.ActiveCfg = Release|iPhone
		{D2D7747E-3E83-4676-A5D3-C1D4A586ED8C}.Release|Any CPU.Build.0 = Release|iPhone
		{D2D7747E-3E83-4676-A5D3-C1D4A586ED8C}.Release|iPhone.ActiveCfg = Release|iPhone
		{D2D7747E-3E83-4676-A5D3-C1D4A586ED8C}.Release|iPhone.Build.0 = Release|iPhone
		{D2D7747E-3E83-4676-A5D3-C1D4A586ED8C}.Release|iPhoneSimulator.ActiveCfg = Release|iPhoneSimulator
		{D2D7747E-3E83-4676-A5D3-C1D4A586ED8C}.Release|iPhoneSimulator.Build.0 = Release|iPhoneSimulator
	EndGlobalSection
EndGlobal
